
Microsoft Visual Studio Solution File, Format Version 12.00
# Visual Studio Version 16
VisualStudioVersion = 16.0.31112.23
MinimumVisualStudioVersion = 10.0.40219.1
Project("{FAE04EC0-301F-11D3-BF4B-00C04F79EFBC}") = "Olimpia", "Olimpia.csproj", "{E7CB7077-C964-42BD-ACD5-B9D3C0997A05}"
EndProject
Global
	GlobalSection(SolutionConfigurationPlatforms) = preSolution
		Debug|Any CPU = Debug|Any CPU
		Release|Any CPU = Release|Any CPU
	EndGlobalSection
	GlobalSection(ProjectConfigurationPlatforms) = postSolution
		{E7CB7077-C964-42BD-ACD5-B9D3C0997A05}.Debug|Any CPU.ActiveCfg = Debug|Any CPU
		{E7CB7077-C964-42BD-ACD5-B9D3C0997A05}.Debug|Any CPU.Build.0 = Debug|Any CPU
		{E7CB7077-C964-42BD-ACD5-B9D3C0997A05}.Release|Any CPU.ActiveCfg = Release|Any CPU
		{E7CB7077-C964-42BD-ACD5-B9D3C0997A05}.Release|Any CPU.Build.0 = Release|Any CPU
	EndGlobalSection
	GlobalSection(SolutionProperties) = preSolution
		HideSolutionNode = FALSE
	EndGlobalSection
	GlobalSection(ExtensibilityGlobals) = postSolution
		SolutionGuid = {46D5573B-889A-41A6-AE14-A9A626357B85}
	EndGlobalSection
EndGlobal
